
Microsoft Visual Studio Solution File, Format Version 12.00
# Visual Studio Version 17
VisualStudioVersion = 17.9.34616.47
MinimumVisualStudioVersion = 10.0.40219.1
Project("{FAE04EC0-301F-11D3-BF4B-00C04F79EFBC}") = "EjercicioDeEmpleado", "EjercicioDeEmpleado\EjercicioDeEmpleado.csproj", "{271E7273-79AD-47E2-B57F-B43617D6B89D}"
EndProject
Global
	GlobalSection(SolutionConfigurationPlatforms) = preSolution
		Debug|Any CPU = Debug|Any CPU
		Release|Any CPU = Release|Any CPU
	EndGlobalSection
	GlobalSection(ProjectConfigurationPlatforms) = postSolution
		{271E7273-79AD-47E2-B57F-B43617D6B89D}.Debug|Any CPU.ActiveCfg = Debug|Any CPU
		{271E7273-79AD-47E2-B57F-B43617D6B89D}.Debug|Any CPU.Build.0 = Debug|Any CPU
		{271E7273-79AD-47E2-B57F-B43617D6B89D}.Release|Any CPU.ActiveCfg = Release|Any CPU
		{271E7273-79AD-47E2-B57F-B43617D6B89D}.Release|Any CPU.Build.0 = Release|Any CPU
	EndGlobalSection
	GlobalSection(SolutionProperties) = preSolution
		HideSolutionNode = FALSE
	EndGlobalSection
	GlobalSection(ExtensibilityGlobals) = postSolution
		SolutionGuid = {67C627DC-C833-44C9-9029-ABF2F6968549}
	EndGlobalSection
EndGlobal
